
Microsoft Visual Studio Solution File, Format Version 12.00
# Visual Studio Version 16
VisualStudioVersion = 16.0.30002.166
MinimumVisualStudioVersion = 10.0.40219.1
Project("{9A19103F-16F7-4668-BE54-9A1E7A4F7556}") = "HeroesCup", "HeroesCup.csproj", "{BC9D08AA-8268-47B5-87C5-793994A914BC}"
EndProject
Global
	GlobalSection(SolutionConfigurationPlatforms) = preSolution
		Debug|Any CPU = Debug|Any CPU
		Release|Any CPU = Release|Any CPU
	EndGlobalSection
	GlobalSection(ProjectConfigurationPlatforms) = postSolution
		{BC9D08AA-8268-47B5-87C5-793994A914BC}.Debug|Any CPU.ActiveCfg = Debug|Any CPU
		{BC9D08AA-8268-47B5-87C5-793994A914BC}.Debug|Any CPU.Build.0 = Debug|Any CPU
		{BC9D08AA-8268-47B5-87C5-793994A914BC}.Release|Any CPU.ActiveCfg = Release|Any CPU
		{BC9D08AA-8268-47B5-87C5-793994A914BC}.Release|Any CPU.Build.0 = Release|Any CPU
	EndGlobalSection
	GlobalSection(SolutionProperties) = preSolution
		HideSolutionNode = FALSE
	EndGlobalSection
	GlobalSection(ExtensibilityGlobals) = postSolution
		SolutionGuid = {E5402787-F491-4A30-9AFE-87A7E3103C2B}
	EndGlobalSection
EndGlobal
